PODS:
  - JXSegmentedView (1.4.1)
  - MBProgressHUD (1.2.0)
  - MJRefresh (3.7.6)
  - SegementSlide (3.0.1)
  - SnapKit (5.6.0)

DEPENDENCIES:
  - JXSegmentedView
  - MBProgressHUD
  - MJRefresh
  - SegementSlide (from `./`)
  - SnapKit

SPEC REPOS:
  trunk:
    - JXSegmentedView
    - MBProgressHUD
    - MJRefresh
    - SnapKit

EXTERNAL SOURCES:
  SegementSlide:
    :path: "./"

SPEC CHECKSUMS:
  JXSegmentedView: cd73555ce2134d1656db2cb383ba9c2f36fb5078
  MBProgressHUD: 3ee5efcc380f6a79a7cc9b363dd669c5e1ae7406
  MJRefresh: 2fe7fb43a5167ceda20bb7e63f130c04fd1814a5
  SegementSlide: 83b56ffb66b9c0edc4e4f2a74229309c62915db3
  SnapKit: e01d52ebb8ddbc333eefe2132acf85c8227d9c25

PODFILE CHECKSUM: 9b4b34f47bab00d35f35b1ffdc5ce19ee897074e

COCOAPODS: 1.16.2
